// !$*UTF8*$!
{
	archiveVersion = 1;
	classes = {
	};
	objectVersion = 46;
	objects = {

/* Begin PBXBuildFile section */
		100EFB621A6B24FD0075336B /* AppDelegate.swift in Sources */ = {isa = PBXBuildFile; fileRef = 100EFB611A6B24FD0075336B /* AppDelegate.swift */; };
		100EFB651A6B24FD0075336B /* CoreLocationDemo.xcdatamodeld in Sources */ = {isa = PBXBuildFile; fileRef = 100EFB631A6B24FD0075336B /* CoreLocationDemo.xcdatamodeld */; };
		100EFB671A6B24FD0075336B /* ViewController.swift in Sources */ = {isa = PBXBuildFile; fileRef = 100EFB661A6B24FD0075336B /* ViewController.swift */; };
		100EFB6A1A6B24FD0075336B /* Main.storyboard in Resources */ = {isa = PBXBuildFile; fileRef = 100EFB681A6B24FD0075336B /* Main.storyboard */; };
		100EFB6C1A6B24FD0075336B /* Images.xcassets in Resources */ = {isa = PBXBuildFile; fileRef = 100EFB6B1A6B24FD0075336B /* Images.xcassets */; };
		100EFB6F1A6B24FD0075336B /* LaunchScreen.xib in Resources */ = {isa = PBXBuildFile; fileRef = 100EFB6D1A6B24FD0075336B /* LaunchScreen.xib */; };
		100EFB7B1A6B24FD0075336B /* CoreLocationDemoTests.swift in Sources */ = {isa = PBXBuildFile; fileRef = 100EFB7A1A6B24FD0075336B /* CoreLocationDemoTests.swift */; };
/* End PBXBuildFile section */

/* Begin PBXContainerItemProxy section */
		100EFB751A6B24FD0075336B /* PBXContainerItemProxy */ = {
			isa = PBXContainerItemProxy;
			containerPortal = 100EFB541A6B24FC0075336B /* Project object */;
			proxyType = 1;
			remoteGlobalIDString = 100EFB5B1A6B24FD0075336B;
			remoteInfo = CoreLocationDemo;
		};
/* End PBXContainerItemProxy section */

/* Begin PBXFileReference section */
		100EFB5C1A6B24FD0075336B /* CoreLocationDemo.app */ = {isa = PBXFileReference; explicitFileType = wrapper.application; includeInIndex = 0; path = CoreLocationDemo.app; sourceTree = BUILT_PRODUCTS_DIR; };
		100EFB601A6B24FD0075336B /* Info.plist */ = {isa = PBXFileReference; lastKnownFileType = text.plist.xml; path = Info.plist; sourceTree = "<group>"; };
		100EFB611A6B24FD0075336B /* AppDelegate.swift */ = {isa = PBXFileReference; lastKnownFileType = sourcecode.swift; path = AppDelegate.swift; sourceTree = "<group>"; };
		100EFB641A6B24FD0075336B /* CoreLocationDemo.xcdatamodel */ = {isa = PBXFileReference; lastKnownFileType = wrapper.xcdatamodel; path = CoreLocationDemo.xcdatamodel; sourceTree = "<group>"; };
		100EFB661A6B24FD0075336B /* ViewController.swift */ = {isa = PBXFileReference; lastKnownFileType = sourcecode.swift; path = ViewController.swift; sourceTree = "<group>"; };
		100EFB691A6B24FD0075336B /* Base */ = {isa = PBXFileReference; lastKnownFileType = file.storyboard; name = Base; path = Base.lproj/Main.storyboard; sourceTree = "<group>"; };
		100EFB6B1A6B24FD0075336B /* Images.xcassets */ = {isa = PBXFileReference; lastKnownFileType = folder.assetcatalog; path = Images.xcassets; sourceTree = "<group>"; };
		100EFB6E1A6B24FD0075336B /* Base */ = {isa = PBXFileReference; lastKnownFileType = file.xib; name = Base; path = Base.lproj/LaunchScreen.xib; sourceTree = "<group>"; };
		100EFB741A6B24FD0075336B /* CoreLocationDemoTests.xctest */ = {isa = PBXFileReference; explicitFileType = wrapper.cfbundle; includeInIndex = 0; path = CoreLocationDemoTests.xctest; sourceTree = BUILT_PRODUCTS_DIR; };
		100EFB791A6B24FD0075336B /* Info.plist */ = {isa = PBXFileReference; lastKnownFileType = text.plist.xml; path = Info.plist; sourceTree = "<group>"; };
		100EFB7A1A6B24FD0075336B /* CoreLocationDemoTests.swift */ = {isa = PBXFileReference; lastKnownFileType = sourcecode.swift; path = CoreLocationDemoTests.swift; sourceTree = "<group>"; };
/* End PBXFileReference section */

/* Begin PBXFrameworksBuildPhase section */
		100EFB591A6B24FD0075336B /* Frameworks */ = {
			isa = PBXFrameworksBuildPhase;
			buildActionMask = 2147483647;
			files = (
			);
			runOnlyForDeploymentPostprocessing = 0;
		};
		100EFB711A6B24FD0075336B /* Frameworks */ = {
			isa = PBXFrameworksBuildPhase;
			buildActionMask = 2147483647;
			files = (
			);
			runOnlyForDeploymentPostprocessing = 0;
		};
/* End PBXFrameworksBuildPhase section */

/* Begin PBXGroup section */
		100EFB531A6B24FC0075336B = {
			isa = PBXGroup;
			children = (
				100EFB5E1A6B24FD0075336B /* CoreLocationDemo */,
				100EFB771A6B24FD0075336B /* CoreLocationDemoTests */,
				100EFB5D1A6B24FD0075336B /* Products */,
			);
			sourceTree = "<group>";
		};
		100EFB5D1A6B24FD0075336B /* Products */ = {
			isa = PBXGroup;
			children = (
				100EFB5C1A6B24FD0075336B /* CoreLocationDemo.app */,
				100EFB741A6B24FD0075336B /* CoreLocationDemoTests.xctest */,
			);
			name = Products;
			sourceTree = "<group>";
		};
		100EFB5E1A6B24FD0075336B /* CoreLocationDemo */ = {
			isa = PBXGroup;
			children = (
				100EFB611A6B24FD0075336B /* AppDelegate.swift */,
				100EFB661A6B24FD0075336B /* ViewController.swift */,
				100EFB681A6B24FD0075336B /* Main.storyboard */,
				100EFB6B1A6B24FD0075336B /* Images.xcassets */,
				100EFB6D1A6B24FD0075336B /* LaunchScreen.xib */,
				100EFB631A6B24FD0075336B /* CoreLocationDemo.xcdatamodeld */,
				100EFB5F1A6B24FD0075336B /* Supporting Files */,
			);
			path = CoreLocationDemo;
			sourceTree = "<group>";
		};
		100EFB5F1A6B24FD0075336B /* Supporting Files */ = {
			isa = PBXGroup;
			children = (
				100EFB601A6B24FD0075336B /* Info.plist */,
			);
			name = "Supporting Files";
			sourceTree = "<group>";
		};
		100EFB771A6B24FD0075336B /* CoreLocationDemoTests */ = {
			isa = PBXGroup;
			children = (
				100EFB7A1A6B24FD0075336B /* CoreLocationDemoTests.swift */,
				100EFB781A6B24FD0075336B /* Supporting Files */,
			);
			path = CoreLocationDemoTests;
			sourceTree = "<group>";
		};
		100EFB781A6B24FD0075336B /* Supporting Files */ = {
			isa = PBXGroup;
			children = (
				100EFB791A6B24FD0075336B /* Info.plist */,
			);
			name = "Supporting Files";
			sourceTree = "<group>";
		};
/* End PBXGroup section */

/* Begin PBXNativeTarget section */
		100EFB5B1A6B24FD0075336B /* CoreLocationDemo */ = {
			isa = PBXNativeTarget;
			buildConfigurationList = 100EFB7E1A6B24FD0075336B /* Build configuration list for PBXNativeTarget "CoreLocationDemo" */;
			buildPhases = (
				100EFB581A6B24FD0075336B /* Sources */,
				100EFB591A6B24FD0075336B /* Frameworks */,
				100EFB5A1A6B24FD0075336B /* Resources */,
			);
			buildRules = (
			);
			dependencies = (
			);
			name = CoreLocationDemo;
			productName = CoreLocationDemo;
			productReference = 100EFB5C1A6B24FD0075336B /* CoreLocationDemo.app */;
			productType = "com.apple.product-type.application";
		};
		100EFB731A6B24FD0075336B /* CoreLocationDemoTests */ = {
			isa = PBXNativeTarget;
			buildConfigurationList = 100EFB811A6B24FD0075336B /* Build configuration list for PBXNativeTarget "CoreLocationDemoTests" */;
			buildPhases = (
				100EFB701A6B24FD0075336B /* Sources */,
				100EFB711A6B24FD0075336B /* Frameworks */,
				100EFB721A6B24FD0075336B /* Resources */,
			);
			buildRules = (
			);
			dependencies = (
				100EFB761A6B24FD0075336B /* PBXTargetDependency */,
			);
			name = CoreLocationDemoTests;
			productName = CoreLocationDemoTests;
			productReference = 100EFB741A6B24FD0075336B /* CoreLocationDemoTests.xctest */;
			productType = "com.apple.product-type.bundle.unit-test";
		};
/* End PBXNativeTarget section */

/* Begin PBXProject section */
		100EFB541A6B24FC0075336B /* Project object */ = {
			isa = PBXProject;
			attributes = {
				LastUpgradeCheck = 0620;
				ORGANIZATIONNAME = Coulee;
				TargetAttributes = {
					100EFB5B1A6B24FD0075336B = {
						CreatedOnToolsVersion = 6.2;
					};
					100EFB731A6B24FD0075336B = {
						CreatedOnToolsVersion = 6.2;
						TestTargetID = 100EFB5B1A6B24FD0075336B;
					};
				};
			};
			buildConfigurationList = 100EFB571A6B24FC0075336B /* Build configuration list for PBXProject "CoreLocationDemo" */;
			compatibilityVersion = "Xcode 3.2";
			developmentRegion = English;
			hasScannedForEncodings = 0;
			knownRegions = (
				en,
				Base,
			);
			mainGroup = 100EFB531A6B24FC0075336B;
			productRefGroup = 100EFB5D1A6B24FD0075336B /* Products */;
			projectDirPath = "";
			projectRoot = "";
			targets = (
				100EFB5B1A6B24FD0075336B /* CoreLocationDemo */,
				100EFB731A6B24FD0075336B /* CoreLocationDemoTests */,
			);
		};
/* End PBXProject section */

/* Begin PBXResourcesBuildPhase section */
		100EFB5A1A6B24FD0075336B /* Resources */ = {
			isa = PBXResourcesBuildPhase;
			buildActionMask = 2147483647;
			files = (
				100EFB6A1A6B24FD0075336B /* Main.storyboard in Resources */,
				100EFB6F1A6B24FD0075336B /* LaunchScreen.xib in Resources */,
				100EFB6C1A6B24FD0075336B /* Images.xcassets in Resources */,
			);
			runOnlyForDeploymentPostprocessing = 0;
		};
		100EFB721A6B24FD0075336B /* Resources */ = {
			isa = PBXResourcesBuildPhase;
			buildActionMask = 2147483647;
			files = (
			);
			runOnlyForDeploymentPostprocessing = 0;
		};
/* End PBXResourcesBuildPhase section */

/* Begin PBXSourcesBuildPhase section */
		100EFB581A6B24FD0075336B /* Sources */ = {
			isa = PBXSourcesBuildPhase;
			buildActionMask = 2147483647;
			files = (
				100EFB671A6B24FD0075336B /* ViewController.swift in Sources */,
				100EFB651A6B24FD0075336B /* CoreLocationDemo.xcdatamodeld in Sources */,
				100EFB621A6B24FD0075336B /* AppDelegate.swift in Sources */,
			);
			runOnlyForDeploymentPostprocessing = 0;
		};
		100EFB701A6B24FD0075336B /* Sources */ = {
			isa = PBXSourcesBuildPhase;
			buildActionMask = 2147483647;
			files = (
				100EFB7B1A6B24FD0075336B /* CoreLocationDemoTests.swift in Sources */,
			);
			runOnlyForDeploymentPostprocessing = 0;
		};
/* End PBXSourcesBuildPhase section */

/* Begin PBXTargetDependency section */
		100EFB761A6B24FD0075336B /* PBXTargetDependency */ = {
			isa = PBXTargetDependency;
			target = 100EFB5B1A6B24FD0075336B /* CoreLocationDemo */;
			targetProxy = 100EFB751A6B24FD0075336B /* PBXContainerItemProxy */;
		};
/* End PBXTargetDependency section */

/* Begin PBXVariantGroup section */
		100EFB681A6B24FD0075336B /* Main.storyboard */ = {
			isa = PBXVariantGroup;
			children = (
				100EFB691A6B24FD0075336B /* Base */,
			);
			name = Main.storyboard;
			sourceTree = "<group>";
		};
		100EFB6D1A6B24FD0075336B /* LaunchScreen.xib */ = {
			isa = PBXVariantGroup;
			children = (
				100EFB6E1A6B24FD0075336B /* Base */,
			);
			name = LaunchScreen.xib;
			sourceTree = "<group>";
		};
/* End PBXVariantGroup section */

/* Begin XCBuildConfiguration section */
		100EFB7C1A6B24FD0075336B /* Debug */ = {
			isa = XCBuildConfiguration;
			buildSettings = {
				ALWAYS_SEARCH_USER_PATHS = NO;
				CLANG_CXX_LANGUAGE_STANDARD = "gnu++0x";
				CLANG_CXX_LIBRARY = "libc++";
				CLANG_ENABLE_MODULES = YES;
				CLANG_ENABLE_OBJC_ARC = YES;
				CLANG_WARN_BOOL_CONVERSION = YES;
				CLANG_WARN_CONSTANT_CONVERSION = YES;
				CLANG_WARN_DIRECT_OBJC_ISA_USAGE = YES_ERROR;
				CLANG_WARN_EMPTY_BODY = YES;
				CLANG_WARN_ENUM_CONVERSION = YES;
				CLANG_WARN_INT_CONVERSION = YES;
				CLANG_WARN_OBJC_ROOT_CLASS = YES_ERROR;
				CLANG_WARN_UNREACHABLE_CODE = YES;
				CLANG_WARN__DUPLICATE_METHOD_MATCH = YES;
				"CODE_SIGN_IDENTITY[sdk=iphoneos*]" = "iPhone Developer";
				COPY_PHASE_STRIP = NO;
				ENABLE_STRICT_OBJC_MSGSEND = YES;
				GCC_C_LANGUAGE_STANDARD = gnu99;
				GCC_DYNAMIC_NO_PIC = NO;
				GCC_OPTIMIZATION_LEVEL = 0;
				GCC_PREPROCESSOR_DEFINITIONS = (
					"DEBUG=1",
					"$(inherited)",
				);
				GCC_SYMBOLS_PRIVATE_EXTERN = NO;
				GCC_WARN_64_TO_32_BIT_CONVERSION = YES;
				GCC_WARN_ABOUT_RETURN_TYPE = YES_ERROR;
				GCC_WARN_UNDECLARED_SELECTOR = YES;
				GCC_WARN_UNINITIALIZED_AUTOS = YES_AGGRESSIVE;
				GCC_WARN_UNUSED_FUNCTION = YES;
				GCC_WARN_UNUSED_VARIABLE = YES;
				IPHONEOS_DEPLOYMENT_TARGET = 8.2;
				MTL_ENABLE_DEBUG_INFO = YES;
				ONLY_ACTIVE_ARCH = YES;
				SDKROOT = iphoneos;
				SWIFT_OPTIMIZATION_LEVEL = "-Onone";
				TARGETED_DEVICE_FAMILY = "1,2";
			};
			name = Debug;
		};
		100EFB7D1A6B24FD0075336B /* Release */ = {
			isa = XCBuildConfiguration;
			buildSettings = {
				ALWAYS_SEARCH_USER_PATHS = NO;
				CLANG_CXX_LANGUAGE_STANDARD = "gnu++0x";
				CLANG_CXX_LIBRARY = "libc++";
				CLANG_ENABLE_MODULES = YES;
				CLANG_ENABLE_OBJC_ARC = YES;
				CLANG_WARN_BOOL_CONVERSION = YES;
				CLANG_WARN_CONSTANT_CONVERSION = YES;
				CLANG_WARN_DIRECT_OBJC_ISA_USAGE = YES_ERROR;
				CLANG_WARN_EMPTY_BODY = YES;
				CLANG_WARN_ENUM_CONVERSION = YES;
				CLANG_WARN_INT_CONVERSION = YES;
				CLANG_WARN_OBJC_ROOT_CLASS = YES_ERROR;
				CLANG_WARN_UNREACHABLE_CODE = YES;
				CLANG_WARN__DUPLICATE_METHOD_MATCH = YES;
				"CODE_SIGN_IDENTITY[sdk=iphoneos*]" = "iPhone Developer";
				COPY_PHASE_STRIP = YES;
				ENABLE_NS_ASSERTIONS = NO;
				ENABLE_STRICT_OBJC_MSGSEND = YES;
				GCC_C_LANGUAGE_STANDARD = gnu99;
				GCC_WARN_64_TO_32_BIT_CONVERSION = YES;
				GCC_WARN_ABOUT_RETURN_TYPE = YES_ERROR;
				GCC_WARN_UNDECLARED_SELECTOR = YES;
				GCC_WARN_UNINITIALIZED_AUTOS = YES_AGGRESSIVE;
				GCC_WARN_UNUSED_FUNCTION = YES;
				GCC_WARN_UNUSED_VARIABLE = YES;
				IPHONEOS_DEPLOYMENT_TARGET = 8.2;
				MTL_ENABLE_DEBUG_INFO = NO;
				SDKROOT = iphoneos;
				TARGETED_DEVICE_FAMILY = "1,2";
				VALIDATE_PRODUCT = YES;
			};
			name = Release;
		};
		100EFB7F1A6B24FD0075336B /* Debug */ = {
			isa = XCBuildConfiguration;
			buildSettings = {
				ASSETCATALOG_COMPILER_APPICON_NAME = AppIcon;
				INFOPLIST_FILE = CoreLocationDemo/Info.plist;
				LD_RUNPATH_SEARCH_PATHS = "$(inherited) @executable_path/Frameworks";
				PRODUCT_NAME = "$(TARGET_NAME)";
			};
			name = Debug;
		};
		100EFB801A6B24FD0075336B /* Release */ = {
			isa = XCBuildConfiguration;
			buildSettings = {
				ASSETCATALOG_COMPILER_APPICON_NAME = AppIcon;
				INFOPLIST_FILE = CoreLocationDemo/Info.plist;
				LD_RUNPATH_SEARCH_PATHS = "$(inherited) @executable_path/Frameworks";
				PRODUCT_NAME = "$(TARGET_NAME)";
			};
			name = Release;
		};
		100EFB821A6B24FD0075336B /* Debug */ = {
			isa = XCBuildConfiguration;
			buildSettings = {
				BUNDLE_LOADER = "$(TEST_HOST)";
				FRAMEWORK_SEARCH_PATHS = (
					"$(SDKROOT)/Developer/Library/Frameworks",
					"$(inherited)",
				);
				GCC_PREPROCESSOR_DEFINITIONS = (
					"DEBUG=1",
					"$(inherited)",
				);
				INFOPLIST_FILE = CoreLocationDemoTests/Info.plist;
				LD_RUNPATH_SEARCH_PATHS = "$(inherited) @executable_path/Frameworks @loader_path/Frameworks";
				PRODUCT_NAME = "$(TARGET_NAME)";
				TEST_HOST = "$(BUILT_PRODUCTS_DIR)/CoreLocationDemo.app/CoreLocationDemo";
			};
			name = Debug;
		};
		100EFB831A6B24FD0075336B /* Release */ = {
			isa = XCBuildConfiguration;
			buildSettings = {
				BUNDLE_LOADER = "$(TEST_HOST)";
				FRAMEWORK_SEARCH_PATHS = (
					"$(SDKROOT)/Developer/Library/Frameworks",
					"$(inherited)",
				);
				INFOPLIST_FILE = CoreLocationDemoTests/Info.plist;
				LD_RUNPATH_SEARCH_PATHS = "$(inherited) @executable_path/Frameworks @loader_path/Frameworks";
				PRODUCT_NAME = "$(TARGET_NAME)";
				TEST_HOST = "$(BUILT_PRODUCTS_DIR)/CoreLocationDemo.app/CoreLocationDemo";
			};
			name = Release;
		};
/* End XCBuildConfiguration section */

/* Begin XCConfigurationList section */
		100EFB571A6B24FC0075336B /* Build configuration list for PBXProject "CoreLocationDemo" */ = {
			isa = XCConfigurationList;
			buildConfigurations = (
				100EFB7C1A6B24FD0075336B /* Debug */,
				100EFB7D1A6B24FD0075336B /* Release */,
			);
			defaultConfigurationIsVisible = 0;
			defaultConfigurationName = Release;
		};
		100EFB7E1A6B24FD0075336B /* Build configuration list for PBXNativeTarget "CoreLocationDemo" */ = {
			isa = XCConfigurationList;
			buildConfigurations = (
				100EFB7F1A6B24FD0075336B /* Debug */,
				100EFB801A6B24FD0075336B /* Release */,
			);
			defaultConfigurationIsVisible = 0;
		};
		100EFB811A6B24FD0075336B /* Build configuration list for PBXNativeTarget "CoreLocationDemoTests" */ = {
			isa = XCConfigurationList;
			buildConfigurations = (
				100EFB821A6B24FD0075336B /* Debug */,
				100EFB831A6B24FD0075336B /* Release */,
			);
			defaultConfigurationIsVisible = 0;
		};
/* End XCConfigurationList section */

/* Begin XCVersionGroup section */
		100EFB631A6B24FD0075336B /* CoreLocationDemo.xcdatamodeld */ = {
			isa = XCVersionGroup;
			children = (
				100EFB641A6B24FD0075336B /* CoreLocationDemo.xcdatamodel */,
			);
			currentVersion = 100EFB641A6B24FD0075336B /* CoreLocationDemo.xcdatamodel */;
			path = CoreLocationDemo.xcdatamodeld;
			sourceTree = "<group>";
			versionGroupType = wrapper.xcdatamodel;
		};
/* End XCVersionGroup section */
	};
	rootObject = 100EFB541A6B24FC0075336B /* Project object */;
}
